{
  "nodes": {
    "home-manager": {
      "inputs": {
        "nixpkgs": [
          "nixpkgs"
        ]
      },
      "locked": {
        "lastModified": 1769015285,
        "narHash": "sha256-MlqzCJbckJsgwfkRs64H2xaX2Uxl4o6Z9XYfkYS1N/E=",
        "owner": "nix-community",
        "repo": "home-manager",
        "rev": "ec0247a7a19f641595c24ac1ea4df6461d1cdb36",
        "type": "github"
      },
      "original": {
        "owner": "nix-community",
        "repo": "home-manager",
        "type": "github"
      }
    },
    "inir": {
      "flake": false,
      "locked": {
        "lastModified": 1767439995,
        "narHash": "sha256-eDrJkqQwXZQBXNnxbgAzsWFa33QB6TEVhePeBvIZdIE=",
        "owner": "snowarch",
        "repo": "iNiR",
        "rev": "6a67ca9b1587996820ede09e8b6001608a04aad9",
        "type": "github"
      },
      "original": {
        "owner": "snowarch",
        "repo": "iNiR",
        "type": "github"
      }
    },
    "inir-flake": {
      "inputs": {
        "inir": "inir",
        "nixpkgs": [
          "nixpkgs"
        ],
        "quickshell": "quickshell"
      },
      "locked": {
        "lastModified": 1769281513,
        "narHash": "sha256-xHE4N/U3Ur8gfbZzINo0coCmzM9KhjonPgR3KMMHmVQ=",
        "owner": "Kexfff",
        "repo": "iNiR-flake",
        "rev": "5555edc9c6a3998a34fb793892a26cc6a8d3893e",
        "type": "github"
      },
      "original": {
        "owner": "Kexfff",
        "repo": "iNiR-flake",
        "type": "github"
      }
    },
    "nixpkgs": {
      "locked": {
        "lastModified": 1768886240,
        "narHash": "sha256-C2TjvwYZ2VDxYWeqvvJ5XPPp6U7H66zeJlRaErJKoEM=",
        "owner": "NixOS",
        "repo": "nixpkgs",
        "rev": "80e4adbcf8992d3fd27ad4964fbb84907f9478b0",
        "type": "github"
      },
      "original": {
        "owner": "NixOS",
        "ref": "nixos-unstable",
        "repo": "nixpkgs",
        "type": "github"
      }
    },
    "quickshell": {
      "inputs": {
        "nixpkgs": [
          "inir-flake",
          "nixpkgs"
        ]
      },
      "locked": {
        "lastModified": 1768985439,
        "narHash": "sha256-qkU4r+l+UPz4dutMMRZSin64HuVZkEv9iFpu9yMWVY0=",
        "ref": "refs/heads/master",
        "rev": "191085a8821b35680bba16ce5411fc9dbe912237",
        "revCount": 731,
        "type": "git",
        "url": "https://git.outfoxxed.me/outfoxxed/quickshell"
      },
      "original": {
        "type": "git",
        "url": "https://git.outfoxxed.me/outfoxxed/quickshell"
      }
    },
    "root": {
      "inputs": {
        "home-manager": "home-manager",
        "inir-flake": "inir-flake",
        "nixpkgs": "nixpkgs",
        "thorium-flake": "thorium-flake"
      }
    },
    "thorium-flake": {
      "inputs": {
        "nixpkgs": [
          "nixpkgs"
        ]
      },
      "locked": {
        "lastModified": 1767903950,
        "narHash": "sha256-/zxmLm7RvQr8k00rCNiu/jbJJ8NoaPD1eXM5wJUi0OQ=",
        "owner": "Kexfff",
        "repo": "thorium-flake",
        "rev": "d4a73092fbacf6f25ddd511d500d5e973bfce5c8",
        "type": "github"
      },
      "original": {
        "owner": "Kexfff",
        "repo": "thorium-flake",
        "type": "github"
      }
    }
  },
  "root": "root",
  "version": 7
}
